
Microsoft Visual Studio Solution File, Format Version 12.00
# Visual Studio Version 17
VisualStudioVersion = 17.2.32630.192
MinimumVisualStudioVersion = 10.0.40219.1
Project("{8BC9CEB8-8B4A-11D0-8D11-00A0C91BC942}") = "9 Program fltadd", "9 Program fltadd\9 Program fltadd.vcxproj", "{E60D15A8-A39F-4E85-A5DA-9DAB437294EA}"
EndProject
Global
	GlobalSection(SolutionConfigurationPlatforms) = preSolution
		Debug|x64 = Debug|x64
		Debug|x86 = Debug|x86
		Release|x64 = Release|x64
		Release|x86 = Release|x86
	EndGlobalSection
	GlobalSection(ProjectConfigurationPlatforms) = postSolution
		{E60D15A8-A39F-4E85-A5DA-9DAB437294EA}.Debug|x64.ActiveCfg = Debug|x64
		{E60D15A8-A39F-4E85-A5DA-9DAB437294EA}.Debug|x64.Build.0 = Debug|x64
		{E60D15A8-A39F-4E85-A5DA-9DAB437294EA}.Debug|x86.ActiveCfg = Debug|Win32
		{E60D15A8-A39F-4E85-A5DA-9DAB437294EA}.Debug|x86.Build.0 = Debug|Win32
		{E60D15A8-A39F-4E85-A5DA-9DAB437294EA}.Release|x64.ActiveCfg = Release|x64
		{E60D15A8-A39F-4E85-A5DA-9DAB437294EA}.Release|x64.Build.0 = Release|x64
		{E60D15A8-A39F-4E85-A5DA-9DAB437294EA}.Release|x86.ActiveCfg = Release|Win32
		{E60D15A8-A39F-4E85-A5DA-9DAB437294EA}.Release|x86.Build.0 = Release|Win32
	EndGlobalSection
	GlobalSection(SolutionProperties) = preSolution
		HideSolutionNode = FALSE
	EndGlobalSection
	GlobalSection(ExtensibilityGlobals) = postSolution
		SolutionGuid = {69870ECF-A2AA-4875-A81F-82617D4DB874}
	EndGlobalSection
EndGlobal
