
Microsoft Visual Studio Solution File, Format Version 12.00
# Visual Studio Version 17
VisualStudioVersion = 17.3.32929.385
MinimumVisualStudioVersion = 10.0.40219.1
Project("{8BC9CEB8-8B4A-11D0-8D11-00A0C91BC942}") = "Program 4.4 - instr2", "Program 4.4 - instr2\Program 4.4 - instr2.vcxproj", "{1F0B8BD1-2B7F-4F02-BE19-6BDF40652094}"
EndProject
Global
	GlobalSection(SolutionConfigurationPlatforms) = preSolution
		Debug|x64 = Debug|x64
		Debug|x86 = Debug|x86
		Release|x64 = Release|x64
		Release|x86 = Release|x86
	EndGlobalSection
	GlobalSection(ProjectConfigurationPlatforms) = postSolution
		{1F0B8BD1-2B7F-4F02-BE19-6BDF40652094}.Debug|x64.ActiveCfg = Debug|x64
		{1F0B8BD1-2B7F-4F02-BE19-6BDF40652094}.Debug|x64.Build.0 = Debug|x64
		{1F0B8BD1-2B7F-4F02-BE19-6BDF40652094}.Debug|x86.ActiveCfg = Debug|Win32
		{1F0B8BD1-2B7F-4F02-BE19-6BDF40652094}.Debug|x86.Build.0 = Debug|Win32
		{1F0B8BD1-2B7F-4F02-BE19-6BDF40652094}.Release|x64.ActiveCfg = Release|x64
		{1F0B8BD1-2B7F-4F02-BE19-6BDF40652094}.Release|x64.Build.0 = Release|x64
		{1F0B8BD1-2B7F-4F02-BE19-6BDF40652094}.Release|x86.ActiveCfg = Release|Win32
		{1F0B8BD1-2B7F-4F02-BE19-6BDF40652094}.Release|x86.Build.0 = Release|Win32
	EndGlobalSection
	GlobalSection(SolutionProperties) = preSolution
		HideSolutionNode = FALSE
	EndGlobalSection
	GlobalSection(ExtensibilityGlobals) = postSolution
		SolutionGuid = {A755003C-2FAB-4E9F-A416-42538E4FE598}
	EndGlobalSection
EndGlobal
