
Microsoft Visual Studio Solution File, Format Version 12.00
# Visual Studio Version 17
VisualStudioVersion = 17.3.32929.385
MinimumVisualStudioVersion = 10.0.40219.1
Project("{8BC9CEB8-8B4A-11D0-8D11-00A0C91BC942}") = "Program 4.5 - instr3", "Program 4.5 - instr3\Program 4.5 - instr3.vcxproj", "{DB2EBCEB-0480-4951-A9D0-3B470642A8C8}"
EndProject
Global
	GlobalSection(SolutionConfigurationPlatforms) = preSolution
		Debug|x64 = Debug|x64
		Debug|x86 = Debug|x86
		Release|x64 = Release|x64
		Release|x86 = Release|x86
	EndGlobalSection
	GlobalSection(ProjectConfigurationPlatforms) = postSolution
		{DB2EBCEB-0480-4951-A9D0-3B470642A8C8}.Debug|x64.ActiveCfg = Debug|x64
		{DB2EBCEB-0480-4951-A9D0-3B470642A8C8}.Debug|x64.Build.0 = Debug|x64
		{DB2EBCEB-0480-4951-A9D0-3B470642A8C8}.Debug|x86.ActiveCfg = Debug|Win32
		{DB2EBCEB-0480-4951-A9D0-3B470642A8C8}.Debug|x86.Build.0 = Debug|Win32
		{DB2EBCEB-0480-4951-A9D0-3B470642A8C8}.Release|x64.ActiveCfg = Release|x64
		{DB2EBCEB-0480-4951-A9D0-3B470642A8C8}.Release|x64.Build.0 = Release|x64
		{DB2EBCEB-0480-4951-A9D0-3B470642A8C8}.Release|x86.ActiveCfg = Release|Win32
		{DB2EBCEB-0480-4951-A9D0-3B470642A8C8}.Release|x86.Build.0 = Release|Win32
	EndGlobalSection
	GlobalSection(SolutionProperties) = preSolution
		HideSolutionNode = FALSE
	EndGlobalSection
	GlobalSection(ExtensibilityGlobals) = postSolution
		SolutionGuid = {6D33E921-6F79-4304-8AE4-549E2F40544C}
	EndGlobalSection
EndGlobal
